
Microsoft Visual Studio Solution File, Format Version 12.00
# Visual Studio Version 17
VisualStudioVersion = 17.12.35506.116
MinimumVisualStudioVersion = 10.0.40219.1
Project("{2150E333-8FDC-42A3-9474-1A3956D46DE8}") = "src", "src", "{5967243C-C3CC-4165-8F46-7EA041C3B578}"
EndProject
Project("{2150E333-8FDC-42A3-9474-1A3956D46DE8}") = "Gateway", "Gateway", "{32FCBFBC-9189-437E-81C1-77C1FAD4EA34}"
EndProject
Project("{2150E333-8FDC-42A3-9474-1A3956D46DE8}") = "Services", "Services", "{775C9FFA-4800-4300-9DF0-AAEF81509BDC}"
EndProject
Project("{2150E333-8FDC-42A3-9474-1A3956D46DE8}") = "Shared", "Shared", "{70EFC444-53F5-4944-B30D-2E79A0667943}"
EndProject
Project("{2150E333-8FDC-42A3-9474-1A3956D46DE8}") = "UI", "UI", "{A33D89BE-81B7-451C-9843-055C08EA5A0C}"
EndProject
Project("{2150E333-8FDC-42A3-9474-1A3956D46DE8}") = "product_nest", "product_nest", "{2A331BCE-5E7F-4674-A943-B5C67F9F230A}"
EndProject
Project("{FAE04EC0-301F-11D3-BF4B-00C04F79EFBC}") = "ManuTrackUI", "ManuTrackUI\ManuTrackUI.csproj", "{E47C11C9-DE99-45F1-AC6B-B98E46C3AA08}"
EndProject
Project("{2150E333-8FDC-42A3-9474-1A3956D46DE8}") = "acess_flow", "acess_flow", "{8F5AE7F3-2E97-45AC-921B-DCD201F1DB53}"
EndProject
Project("{FAE04EC0-301F-11D3-BF4B-00C04F79EFBC}") = "AcessFlow", "AcessFlow\AcessFlow.csproj", "{F5EDD97E-BD0F-43E8-8893-42B4D994D4A3}"
EndProject
Project("{FAE04EC0-301F-11D3-BF4B-00C04F79EFBC}") = "JwtAuthentication", "JwtAuthentication\JwtAuthentication.csproj", "{05B2C63A-E7E6-4AE6-A550-F1671298349E}"
EndProject
Project("{FAE04EC0-301F-11D3-BF4B-00C04F79EFBC}") = "ProductNest", "ProductNest\ProductNest.csproj", "{BB8D9266-7BF3-40F7-B22B-EADC30E9BA31}"
EndProject
Project("{FAE04EC0-301F-11D3-BF4B-00C04F79EFBC}") = "ProductNest.BLL", "ProductNest.BLL\ProductNest.BLL.csproj", "{36A75E02-AB30-4F5D-B2D8-0422D5B19197}"
EndProject
Project("{FAE04EC0-301F-11D3-BF4B-00C04F79EFBC}") = "ProductNest.DAL", "ProductNest.DAL\ProductNest.DAL.csproj", "{037F8205-808D-4B5C-8DC6-46F467F6FB96}"
EndProject
Project("{FAE04EC0-301F-11D3-BF4B-00C04F79EFBC}") = "ProductNest.Entity", "ProductNest.Entity\ProductNest.Entity.csproj", "{1A69FAF5-E134-4C67-BC85-A9DAC62BF654}"
EndProject
Project("{FAE04EC0-301F-11D3-BF4B-00C04F79EFBC}") = "OcelotGateway", "OcelotGateway\OcelotGateway.csproj", "{671A3A0F-C623-4B05-AFA8-E577FC7D8FE8}"
EndProject
Project("{FAE04EC0-301F-11D3-BF4B-00C04F79EFBC}") = "AcessFlow.Entity", "AcessFlow.Entity\AcessFlow.Entity.csproj", "{C54AB458-577D-4B77-AC20-57F6BEA4B1AB}"
EndProject
Project("{FAE04EC0-301F-11D3-BF4B-00C04F79EFBC}") = "AcessFlow.BLL", "AcessFlow.BLL\AcessFlow.BLL.csproj", "{51912B46-1704-4DDB-9488-A5FB4395D585}"
EndProject
Project("{FAE04EC0-301F-11D3-BF4B-00C04F79EFBC}") = "AcessFlow.DAL", "AcessFlow.DAL\AcessFlow.DAL.csproj", "{1C215F4D-8774-410F-8B08-4DAB373B6222}"
EndProject
Global
	GlobalSection(SolutionConfigurationPlatforms) = preSolution
		Debug|Any CPU = Debug|Any CPU
		Release|Any CPU = Release|Any CPU
	EndGlobalSection
	GlobalSection(ProjectConfigurationPlatforms) = postSolution
		{E47C11C9-DE99-45F1-AC6B-B98E46C3AA08}.Debug|Any CPU.ActiveCfg = Debug|Any CPU
		{E47C11C9-DE99-45F1-AC6B-B98E46C3AA08}.Debug|Any CPU.Build.0 = Debug|Any CPU
		{E47C11C9-DE99-45F1-AC6B-B98E46C3AA08}.Release|Any CPU.ActiveCfg = Release|Any CPU
		{E47C11C9-DE99-45F1-AC6B-B98E46C3AA08}.Release|Any CPU.Build.0 = Release|Any CPU
		{F5EDD97E-BD0F-43E8-8893-42B4D994D4A3}.Debug|Any CPU.ActiveCfg = Debug|Any CPU
		{F5EDD97E-BD0F-43E8-8893-42B4D994D4A3}.Debug|Any CPU.Build.0 = Debug|Any CPU
		{F5EDD97E-BD0F-43E8-8893-42B4D994D4A3}.Release|Any CPU.ActiveCfg = Release|Any CPU
		{F5EDD97E-BD0F-43E8-8893-42B4D994D4A3}.Release|Any CPU.Build.0 = Release|Any CPU
		{05B2C63A-E7E6-4AE6-A550-F1671298349E}.Debug|Any CPU.ActiveCfg = Debug|Any CPU
		{05B2C63A-E7E6-4AE6-A550-F1671298349E}.Debug|Any CPU.Build.0 = Debug|Any CPU
		{05B2C63A-E7E6-4AE6-A550-F1671298349E}.Release|Any CPU.ActiveCfg = Release|Any CPU
		{05B2C63A-E7E6-4AE6-A550-F1671298349E}.Release|Any CPU.Build.0 = Release|Any CPU
		{BB8D9266-7BF3-40F7-B22B-EADC30E9BA31}.Debug|Any CPU.ActiveCfg = Debug|Any CPU
		{BB8D9266-7BF3-40F7-B22B-EADC30E9BA31}.Debug|Any CPU.Build.0 = Debug|Any CPU
		{BB8D9266-7BF3-40F7-B22B-EADC30E9BA31}.Release|Any CPU.ActiveCfg = Release|Any CPU
		{BB8D9266-7BF3-40F7-B22B-EADC30E9BA31}.Release|Any CPU.Build.0 = Release|Any CPU
		{36A75E02-AB30-4F5D-B2D8-0422D5B19197}.Debug|Any CPU.ActiveCfg = Debug|Any CPU
		{36A75E02-AB30-4F5D-B2D8-0422D5B19197}.Debug|Any CPU.Build.0 = Debug|Any CPU
		{36A75E02-AB30-4F5D-B2D8-0422D5B19197}.Release|Any CPU.ActiveCfg = Release|Any CPU
		{36A75E02-AB30-4F5D-B2D8-0422D5B19197}.Release|Any CPU.Build.0 = Release|Any CPU
		{037F8205-808D-4B5C-8DC6-46F467F6FB96}.Debug|Any CPU.ActiveCfg = Debug|Any CPU
		{037F8205-808D-4B5C-8DC6-46F467F6FB96}.Debug|Any CPU.Build.0 = Debug|Any CPU
		{037F8205-808D-4B5C-8DC6-46F467F6FB96}.Release|Any CPU.ActiveCfg = Release|Any CPU
		{037F8205-808D-4B5C-8DC6-46F467F6FB96}.Release|Any CPU.Build.0 = Release|Any CPU
		{1A69FAF5-E134-4C67-BC85-A9DAC62BF654}.Debug|Any CPU.ActiveCfg = Debug|Any CPU
		{1A69FAF5-E134-4C67-BC85-A9DAC62BF654}.Debug|Any CPU.Build.0 = Debug|Any CPU
		{1A69FAF5-E134-4C67-BC85-A9DAC62BF654}.Release|Any CPU.ActiveCfg = Release|Any CPU
		{1A69FAF5-E134-4C67-BC85-A9DAC62BF654}.Release|Any CPU.Build.0 = Release|Any CPU
		{671A3A0F-C623-4B05-AFA8-E577FC7D8FE8}.Debug|Any CPU.ActiveCfg = Debug|Any CPU
		{671A3A0F-C623-4B05-AFA8-E577FC7D8FE8}.Debug|Any CPU.Build.0 = Debug|Any CPU
		{671A3A0F-C623-4B05-AFA8-E577FC7D8FE8}.Release|Any CPU.ActiveCfg = Release|Any CPU
		{671A3A0F-C623-4B05-AFA8-E577FC7D8FE8}.Release|Any CPU.Build.0 = Release|Any CPU
		{C54AB458-577D-4B77-AC20-57F6BEA4B1AB}.Debug|Any CPU.ActiveCfg = Debug|Any CPU
		{C54AB458-577D-4B77-AC20-57F6BEA4B1AB}.Debug|Any CPU.Build.0 = Debug|Any CPU
		{C54AB458-577D-4B77-AC20-57F6BEA4B1AB}.Release|Any CPU.ActiveCfg = Release|Any CPU
		{C54AB458-577D-4B77-AC20-57F6BEA4B1AB}.Release|Any CPU.Build.0 = Release|Any CPU
		{51912B46-1704-4DDB-9488-A5FB4395D585}.Debug|Any CPU.ActiveCfg = Debug|Any CPU
		{51912B46-1704-4DDB-9488-A5FB4395D585}.Debug|Any CPU.Build.0 = Debug|Any CPU
		{51912B46-1704-4DDB-9488-A5FB4395D585}.Release|Any CPU.ActiveCfg = Release|Any CPU
		{51912B46-1704-4DDB-9488-A5FB4395D585}.Release|Any CPU.Build.0 = Release|Any CPU
		{1C215F4D-8774-410F-8B08-4DAB373B6222}.Debug|Any CPU.ActiveCfg = Debug|Any CPU
		{1C215F4D-8774-410F-8B08-4DAB373B6222}.Debug|Any CPU.Build.0 = Debug|Any CPU
		{1C215F4D-8774-410F-8B08-4DAB373B6222}.Release|Any CPU.ActiveCfg = Release|Any CPU
		{1C215F4D-8774-410F-8B08-4DAB373B6222}.Release|Any CPU.Build.0 = Release|Any CPU
	EndGlobalSection
	GlobalSection(SolutionProperties) = preSolution
		HideSolutionNode = FALSE
	EndGlobalSection
	GlobalSection(NestedProjects) = preSolution
		{32FCBFBC-9189-437E-81C1-77C1FAD4EA34} = {5967243C-C3CC-4165-8F46-7EA041C3B578}
		{775C9FFA-4800-4300-9DF0-AAEF81509BDC} = {5967243C-C3CC-4165-8F46-7EA041C3B578}
		{70EFC444-53F5-4944-B30D-2E79A0667943} = {5967243C-C3CC-4165-8F46-7EA041C3B578}
		{A33D89BE-81B7-451C-9843-055C08EA5A0C} = {5967243C-C3CC-4165-8F46-7EA041C3B578}
		{2A331BCE-5E7F-4674-A943-B5C67F9F230A} = {775C9FFA-4800-4300-9DF0-AAEF81509BDC}
		{E47C11C9-DE99-45F1-AC6B-B98E46C3AA08} = {A33D89BE-81B7-451C-9843-055C08EA5A0C}
		{8F5AE7F3-2E97-45AC-921B-DCD201F1DB53} = {775C9FFA-4800-4300-9DF0-AAEF81509BDC}
		{F5EDD97E-BD0F-43E8-8893-42B4D994D4A3} = {8F5AE7F3-2E97-45AC-921B-DCD201F1DB53}
		{05B2C63A-E7E6-4AE6-A550-F1671298349E} = {70EFC444-53F5-4944-B30D-2E79A0667943}
		{BB8D9266-7BF3-40F7-B22B-EADC30E9BA31} = {2A331BCE-5E7F-4674-A943-B5C67F9F230A}
		{36A75E02-AB30-4F5D-B2D8-0422D5B19197} = {2A331BCE-5E7F-4674-A943-B5C67F9F230A}
		{037F8205-808D-4B5C-8DC6-46F467F6FB96} = {2A331BCE-5E7F-4674-A943-B5C67F9F230A}
		{1A69FAF5-E134-4C67-BC85-A9DAC62BF654} = {2A331BCE-5E7F-4674-A943-B5C67F9F230A}
		{671A3A0F-C623-4B05-AFA8-E577FC7D8FE8} = {32FCBFBC-9189-437E-81C1-77C1FAD4EA34}
		{C54AB458-577D-4B77-AC20-57F6BEA4B1AB} = {8F5AE7F3-2E97-45AC-921B-DCD201F1DB53}
		{51912B46-1704-4DDB-9488-A5FB4395D585} = {8F5AE7F3-2E97-45AC-921B-DCD201F1DB53}
		{1C215F4D-8774-410F-8B08-4DAB373B6222} = {8F5AE7F3-2E97-45AC-921B-DCD201F1DB53}
	EndGlobalSection
EndGlobal
