
Microsoft Visual Studio Solution File, Format Version 12.00
# Visual Studio Version 17
VisualStudioVersion = 17.12.35506.116
MinimumVisualStudioVersion = 10.0.40219.1
Project("{2150E333-8FDC-42A3-9474-1A3956D46DE8}") = "src", "src", "{5967243C-C3CC-4165-8F46-7EA041C3B578}"
EndProject
Project("{2150E333-8FDC-42A3-9474-1A3956D46DE8}") = "Gateway", "Gateway", "{32FCBFBC-9189-437E-81C1-77C1FAD4EA34}"
EndProject
Project("{2150E333-8FDC-42A3-9474-1A3956D46DE8}") = "Services", "Services", "{775C9FFA-4800-4300-9DF0-AAEF81509BDC}"
EndProject
Project("{2150E333-8FDC-42A3-9474-1A3956D46DE8}") = "Shared", "Shared", "{70EFC444-53F5-4944-B30D-2E79A0667943}"
EndProject
Project("{2150E333-8FDC-42A3-9474-1A3956D46DE8}") = "UI", "UI", "{A33D89BE-81B7-451C-9843-055C08EA5A0C}"
EndProject
Project("{2150E333-8FDC-42A3-9474-1A3956D46DE8}") = "ProductNest", "ProductNest", "{2A331BCE-5E7F-4674-A943-B5C67F9F230A}"
EndProject
Project("{2150E333-8FDC-42A3-9474-1A3956D46DE8}") = "AcessFlow", "AcessFlow", "{8F5AE7F3-2E97-45AC-921B-DCD201F1DB53}"
EndProject
Project("{FAE04EC0-301F-11D3-BF4B-00C04F79EFBC}") = "AcessFlow", "AcessFlow\AcessFlow.csproj", "{F5EDD97E-BD0F-43E8-8893-42B4D994D4A3}"
EndProject
Project("{FAE04EC0-301F-11D3-BF4B-00C04F79EFBC}") = "JwtAuthentication", "JwtAuthentication\JwtAuthentication.csproj", "{05B2C63A-E7E6-4AE6-A550-F1671298349E}"
EndProject
Project("{FAE04EC0-301F-11D3-BF4B-00C04F79EFBC}") = "ProductNest", "ProductNest\ProductNest.csproj", "{BB8D9266-7BF3-40F7-B22B-EADC30E9BA31}"
EndProject
Project("{FAE04EC0-301F-11D3-BF4B-00C04F79EFBC}") = "OcelotGateway", "OcelotGateway\OcelotGateway.csproj", "{671A3A0F-C623-4B05-AFA8-E577FC7D8FE8}"
EndProject
Project("{FAE04EC0-301F-11D3-BF4B-00C04F79EFBC}") = "AcessFlow.Entity", "AcessFlow.Entity\AcessFlow.Entity.csproj", "{C54AB458-577D-4B77-AC20-57F6BEA4B1AB}"
EndProject
Project("{FAE04EC0-301F-11D3-BF4B-00C04F79EFBC}") = "AcessFlow.DAL", "AcessFlow.DAL\AcessFlow.DAL.csproj", "{1C215F4D-8774-410F-8B08-4DAB373B6222}"
EndProject
Project("{54A90642-561A-4BB1-A94E-469ADEE60C69}") = "manutrack-app", "manutrack-app\manutrack-app.esproj", "{FBF62AF2-FF1E-4E00-B955-692C5698CCED}"
EndProject
Project("{2150E333-8FDC-42A3-9474-1A3956D46DE8}") = "SagaOrchestrator", "SagaOrchestrator", "{E6734BC0-12B1-4DDD-8996-1A03C98B08B2}"
EndProject
Project("{FAE04EC0-301F-11D3-BF4B-00C04F79EFBC}") = "SagaOrchestrator", "SagaOrchestrator\SagaOrchestrator.csproj", "{2644DE20-2EEF-45E2-8009-70B118CAF57F}"
EndProject
Project("{FAE04EC0-301F-11D3-BF4B-00C04F79EFBC}") = "Events", "Events\Events.csproj", "{63F59A92-7318-4170-8DFE-5CE30E14F35B}"
EndProject
Project("{2150E333-8FDC-42A3-9474-1A3956D46DE8}") = "SettingService", "SettingService", "{E9D48284-80D2-4602-821B-6B36487281D8}"
EndProject
Project("{FAE04EC0-301F-11D3-BF4B-00C04F79EFBC}") = "SettingService.BLL", "SettingService.BLL\SettingService.BLL.csproj", "{DDA449A5-4EF1-44A9-BDB7-476B7207D66A}"
EndProject
Project("{FAE04EC0-301F-11D3-BF4B-00C04F79EFBC}") = "SettingService.DAL", "SettingService.DAL\SettingService.DAL.csproj", "{F1288CE4-EAD8-4061-855C-DFB2B3C90759}"
EndProject
Project("{FAE04EC0-301F-11D3-BF4B-00C04F79EFBC}") = "SettingService", "SettingService\SettingService.csproj", "{DDC47382-1AF4-4BBB-AC3D-3E50A33CF884}"
EndProject
Project("{FAE04EC0-301F-11D3-BF4B-00C04F79EFBC}") = "SettingService.Entity", "SettingService.Entity\SettingService.Entity.csproj", "{EB94A2A0-9482-4B8B-B134-C7862B9029BD}"
EndProject
Project("{2150E333-8FDC-42A3-9474-1A3956D46DE8}") = "ReferenceService", "ReferenceService", "{E2283ECB-55AD-4F17-9F02-EAF5DD711E48}"
EndProject
Project("{FAE04EC0-301F-11D3-BF4B-00C04F79EFBC}") = "ReferenceService", "ReferenceService\ReferenceService.csproj", "{8BC6FDFF-5A20-4342-99A5-36C319AE3C5B}"
EndProject
Global
	GlobalSection(SolutionConfigurationPlatforms) = preSolution
		Debug|Any CPU = Debug|Any CPU
		Release|Any CPU = Release|Any CPU
	EndGlobalSection
	GlobalSection(ProjectConfigurationPlatforms) = postSolution
		{F5EDD97E-BD0F-43E8-8893-42B4D994D4A3}.Debug|Any CPU.ActiveCfg = Debug|Any CPU
		{F5EDD97E-BD0F-43E8-8893-42B4D994D4A3}.Debug|Any CPU.Build.0 = Debug|Any CPU
		{F5EDD97E-BD0F-43E8-8893-42B4D994D4A3}.Release|Any CPU.ActiveCfg = Release|Any CPU
		{F5EDD97E-BD0F-43E8-8893-42B4D994D4A3}.Release|Any CPU.Build.0 = Release|Any CPU
		{05B2C63A-E7E6-4AE6-A550-F1671298349E}.Debug|Any CPU.ActiveCfg = Debug|Any CPU
		{05B2C63A-E7E6-4AE6-A550-F1671298349E}.Debug|Any CPU.Build.0 = Debug|Any CPU
		{05B2C63A-E7E6-4AE6-A550-F1671298349E}.Release|Any CPU.ActiveCfg = Release|Any CPU
		{05B2C63A-E7E6-4AE6-A550-F1671298349E}.Release|Any CPU.Build.0 = Release|Any CPU
		{BB8D9266-7BF3-40F7-B22B-EADC30E9BA31}.Debug|Any CPU.ActiveCfg = Debug|Any CPU
		{BB8D9266-7BF3-40F7-B22B-EADC30E9BA31}.Debug|Any CPU.Build.0 = Debug|Any CPU
		{BB8D9266-7BF3-40F7-B22B-EADC30E9BA31}.Release|Any CPU.ActiveCfg = Release|Any CPU
		{BB8D9266-7BF3-40F7-B22B-EADC30E9BA31}.Release|Any CPU.Build.0 = Release|Any CPU
		{671A3A0F-C623-4B05-AFA8-E577FC7D8FE8}.Debug|Any CPU.ActiveCfg = Debug|Any CPU
		{671A3A0F-C623-4B05-AFA8-E577FC7D8FE8}.Debug|Any CPU.Build.0 = Debug|Any CPU
		{671A3A0F-C623-4B05-AFA8-E577FC7D8FE8}.Release|Any CPU.ActiveCfg = Release|Any CPU
		{671A3A0F-C623-4B05-AFA8-E577FC7D8FE8}.Release|Any CPU.Build.0 = Release|Any CPU
		{C54AB458-577D-4B77-AC20-57F6BEA4B1AB}.Debug|Any CPU.ActiveCfg = Debug|Any CPU
		{C54AB458-577D-4B77-AC20-57F6BEA4B1AB}.Debug|Any CPU.Build.0 = Debug|Any CPU
		{C54AB458-577D-4B77-AC20-57F6BEA4B1AB}.Release|Any CPU.ActiveCfg = Release|Any CPU
		{C54AB458-577D-4B77-AC20-57F6BEA4B1AB}.Release|Any CPU.Build.0 = Release|Any CPU
		{1C215F4D-8774-410F-8B08-4DAB373B6222}.Debug|Any CPU.ActiveCfg = Debug|Any CPU
		{1C215F4D-8774-410F-8B08-4DAB373B6222}.Debug|Any CPU.Build.0 = Debug|Any CPU
		{1C215F4D-8774-410F-8B08-4DAB373B6222}.Release|Any CPU.ActiveCfg = Release|Any CPU
		{1C215F4D-8774-410F-8B08-4DAB373B6222}.Release|Any CPU.Build.0 = Release|Any CPU
		{FBF62AF2-FF1E-4E00-B955-692C5698CCED}.Debug|Any CPU.ActiveCfg = Debug|Any CPU
		{FBF62AF2-FF1E-4E00-B955-692C5698CCED}.Debug|Any CPU.Build.0 = Debug|Any CPU
		{FBF62AF2-FF1E-4E00-B955-692C5698CCED}.Debug|Any CPU.Deploy.0 = Debug|Any CPU
		{FBF62AF2-FF1E-4E00-B955-692C5698CCED}.Release|Any CPU.ActiveCfg = Release|Any CPU
		{FBF62AF2-FF1E-4E00-B955-692C5698CCED}.Release|Any CPU.Build.0 = Release|Any CPU
		{FBF62AF2-FF1E-4E00-B955-692C5698CCED}.Release|Any CPU.Deploy.0 = Release|Any CPU
		{2644DE20-2EEF-45E2-8009-70B118CAF57F}.Debug|Any CPU.ActiveCfg = Debug|Any CPU
		{2644DE20-2EEF-45E2-8009-70B118CAF57F}.Debug|Any CPU.Build.0 = Debug|Any CPU
		{2644DE20-2EEF-45E2-8009-70B118CAF57F}.Release|Any CPU.ActiveCfg = Release|Any CPU
		{2644DE20-2EEF-45E2-8009-70B118CAF57F}.Release|Any CPU.Build.0 = Release|Any CPU
		{63F59A92-7318-4170-8DFE-5CE30E14F35B}.Debug|Any CPU.ActiveCfg = Debug|Any CPU
		{63F59A92-7318-4170-8DFE-5CE30E14F35B}.Debug|Any CPU.Build.0 = Debug|Any CPU
		{63F59A92-7318-4170-8DFE-5CE30E14F35B}.Release|Any CPU.ActiveCfg = Release|Any CPU
		{63F59A92-7318-4170-8DFE-5CE30E14F35B}.Release|Any CPU.Build.0 = Release|Any CPU
		{DDA449A5-4EF1-44A9-BDB7-476B7207D66A}.Debug|Any CPU.ActiveCfg = Debug|Any CPU
		{DDA449A5-4EF1-44A9-BDB7-476B7207D66A}.Debug|Any CPU.Build.0 = Debug|Any CPU
		{DDA449A5-4EF1-44A9-BDB7-476B7207D66A}.Release|Any CPU.ActiveCfg = Release|Any CPU
		{DDA449A5-4EF1-44A9-BDB7-476B7207D66A}.Release|Any CPU.Build.0 = Release|Any CPU
		{F1288CE4-EAD8-4061-855C-DFB2B3C90759}.Debug|Any CPU.ActiveCfg = Debug|Any CPU
		{F1288CE4-EAD8-4061-855C-DFB2B3C90759}.Debug|Any CPU.Build.0 = Debug|Any CPU
		{F1288CE4-EAD8-4061-855C-DFB2B3C90759}.Release|Any CPU.ActiveCfg = Release|Any CPU
		{F1288CE4-EAD8-4061-855C-DFB2B3C90759}.Release|Any CPU.Build.0 = Release|Any CPU
		{DDC47382-1AF4-4BBB-AC3D-3E50A33CF884}.Debug|Any CPU.ActiveCfg = Debug|Any CPU
		{DDC47382-1AF4-4BBB-AC3D-3E50A33CF884}.Debug|Any CPU.Build.0 = Debug|Any CPU
		{DDC47382-1AF4-4BBB-AC3D-3E50A33CF884}.Release|Any CPU.ActiveCfg = Release|Any CPU
		{DDC47382-1AF4-4BBB-AC3D-3E50A33CF884}.Release|Any CPU.Build.0 = Release|Any CPU
		{EB94A2A0-9482-4B8B-B134-C7862B9029BD}.Debug|Any CPU.ActiveCfg = Debug|Any CPU
		{EB94A2A0-9482-4B8B-B134-C7862B9029BD}.Debug|Any CPU.Build.0 = Debug|Any CPU
		{EB94A2A0-9482-4B8B-B134-C7862B9029BD}.Release|Any CPU.ActiveCfg = Release|Any CPU
		{EB94A2A0-9482-4B8B-B134-C7862B9029BD}.Release|Any CPU.Build.0 = Release|Any CPU
		{8BC6FDFF-5A20-4342-99A5-36C319AE3C5B}.Debug|Any CPU.ActiveCfg = Debug|Any CPU
		{8BC6FDFF-5A20-4342-99A5-36C319AE3C5B}.Debug|Any CPU.Build.0 = Debug|Any CPU
		{8BC6FDFF-5A20-4342-99A5-36C319AE3C5B}.Release|Any CPU.ActiveCfg = Release|Any CPU
		{8BC6FDFF-5A20-4342-99A5-36C319AE3C5B}.Release|Any CPU.Build.0 = Release|Any CPU
	EndGlobalSection
	GlobalSection(SolutionProperties) = preSolution
		HideSolutionNode = FALSE
	EndGlobalSection
	GlobalSection(NestedProjects) = preSolution
		{32FCBFBC-9189-437E-81C1-77C1FAD4EA34} = {5967243C-C3CC-4165-8F46-7EA041C3B578}
		{775C9FFA-4800-4300-9DF0-AAEF81509BDC} = {5967243C-C3CC-4165-8F46-7EA041C3B578}
		{70EFC444-53F5-4944-B30D-2E79A0667943} = {5967243C-C3CC-4165-8F46-7EA041C3B578}
		{A33D89BE-81B7-451C-9843-055C08EA5A0C} = {5967243C-C3CC-4165-8F46-7EA041C3B578}
		{2A331BCE-5E7F-4674-A943-B5C67F9F230A} = {775C9FFA-4800-4300-9DF0-AAEF81509BDC}
		{8F5AE7F3-2E97-45AC-921B-DCD201F1DB53} = {775C9FFA-4800-4300-9DF0-AAEF81509BDC}
		{F5EDD97E-BD0F-43E8-8893-42B4D994D4A3} = {8F5AE7F3-2E97-45AC-921B-DCD201F1DB53}
		{05B2C63A-E7E6-4AE6-A550-F1671298349E} = {70EFC444-53F5-4944-B30D-2E79A0667943}
		{BB8D9266-7BF3-40F7-B22B-EADC30E9BA31} = {2A331BCE-5E7F-4674-A943-B5C67F9F230A}
		{671A3A0F-C623-4B05-AFA8-E577FC7D8FE8} = {32FCBFBC-9189-437E-81C1-77C1FAD4EA34}
		{C54AB458-577D-4B77-AC20-57F6BEA4B1AB} = {8F5AE7F3-2E97-45AC-921B-DCD201F1DB53}
		{1C215F4D-8774-410F-8B08-4DAB373B6222} = {8F5AE7F3-2E97-45AC-921B-DCD201F1DB53}
		{FBF62AF2-FF1E-4E00-B955-692C5698CCED} = {A33D89BE-81B7-451C-9843-055C08EA5A0C}
		{E6734BC0-12B1-4DDD-8996-1A03C98B08B2} = {5967243C-C3CC-4165-8F46-7EA041C3B578}
		{2644DE20-2EEF-45E2-8009-70B118CAF57F} = {E6734BC0-12B1-4DDD-8996-1A03C98B08B2}
		{63F59A92-7318-4170-8DFE-5CE30E14F35B} = {70EFC444-53F5-4944-B30D-2E79A0667943}
		{E9D48284-80D2-4602-821B-6B36487281D8} = {775C9FFA-4800-4300-9DF0-AAEF81509BDC}
		{DDA449A5-4EF1-44A9-BDB7-476B7207D66A} = {E9D48284-80D2-4602-821B-6B36487281D8}
		{F1288CE4-EAD8-4061-855C-DFB2B3C90759} = {E9D48284-80D2-4602-821B-6B36487281D8}
		{DDC47382-1AF4-4BBB-AC3D-3E50A33CF884} = {E9D48284-80D2-4602-821B-6B36487281D8}
		{EB94A2A0-9482-4B8B-B134-C7862B9029BD} = {E9D48284-80D2-4602-821B-6B36487281D8}
		{E2283ECB-55AD-4F17-9F02-EAF5DD711E48} = {775C9FFA-4800-4300-9DF0-AAEF81509BDC}
		{8BC6FDFF-5A20-4342-99A5-36C319AE3C5B} = {E2283ECB-55AD-4F17-9F02-EAF5DD711E48}
	EndGlobalSection
EndGlobal
